
Microsoft Visual Studio Solution File, Format Version 12.00
# Visual Studio Version 16
VisualStudioVersion = 16.0.31729.503
MinimumVisualStudioVersion = 10.0.40219.1
Project("{FAE04EC0-301F-11D3-BF4B-00C04F79EFBC}") = "DataStructures", "DataStructures\DataStructures.csproj", "{B485A15D-BA39-4369-88F9-AD27B2A349B1}"
EndProject
Global
	GlobalSection(SolutionConfigurationPlatforms) = preSolution
		Debug|Any CPU = Debug|Any CPU
		Release|Any CPU = Release|Any CPU
	EndGlobalSection
	GlobalSection(ProjectConfigurationPlatforms) = postSolution
		{B485A15D-BA39-4369-88F9-AD27B2A349B1}.Debug|Any CPU.ActiveCfg = Debug|Any CPU
		{B485A15D-BA39-4369-88F9-AD27B2A349B1}.Debug|Any CPU.Build.0 = Debug|Any CPU
		{B485A15D-BA39-4369-88F9-AD27B2A349B1}.Release|Any CPU.ActiveCfg = Release|Any CPU
		{B485A15D-BA39-4369-88F9-AD27B2A349B1}.Release|Any CPU.Build.0 = Release|Any CPU
	EndGlobalSection
	GlobalSection(SolutionProperties) = preSolution
		HideSolutionNode = FALSE
	EndGlobalSection
	GlobalSection(ExtensibilityGlobals) = postSolution
		SolutionGuid = {B7305E1B-1C21-4F7E-966E-256784FA90B0}
	EndGlobalSection
EndGlobal
